
Microsoft Visual Studio Solution File, Format Version 12.00
# Visual Studio 14
VisualStudioVersion = 14.0.25420.1
MinimumVisualStudioVersion = 10.0.40219.1
Project("{FAE04EC0-301F-11D3-BF4B-00C04F79EFBC}") = "Quartzdemo", "Quartzdemo\Quartzdemo.csproj", "{4C01A27D-C74B-41C4-AC8B-27BE459D1F9A}"
EndProject
Project("{FAE04EC0-301F-11D3-BF4B-00C04F79EFBC}") = "Quarzconsole", "Quarzconsole\Quarzconsole.csproj", "{CC0C5CCF-5380-415B-998B-894D51C62FDE}"
EndProject
Project("{FAE04EC0-301F-11D3-BF4B-00C04F79EFBC}") = "ClassLibrary1", "ClassLibrary1\ClassLibrary1.csproj", "{1864FE13-3FD5-4008-8FE1-04D5A4B7C276}"
EndProject
Project("{FAE04EC0-301F-11D3-BF4B-00C04F79EFBC}") = "Delegatedemo", "Delegatedemo\Delegatedemo.csproj", "{0AA80CB4-371C-4491-B638-A56748C42965}"
EndProject
Project("{FAE04EC0-301F-11D3-BF4B-00C04F79EFBC}") = "EventDemo", "EventDemo\EventDemo.csproj", "{92E6C018-1DAC-4598-BFB6-7DCDC75B7F3F}"
EndProject
Project("{FAE04EC0-301F-11D3-BF4B-00C04F79EFBC}") = "Eventdeppen", "Eventdeppen\Eventdeppen.csproj", "{7227A660-FDD7-4983-8921-F4B33AD56FF7}"
EndProject
Project("{FAE04EC0-301F-11D3-BF4B-00C04F79EFBC}") = "Seriersfun", "Seriersfun\Seriersfun.csproj", "{F4EAACA0-5A24-4DD3-BBE2-4FACB7BA293F}"
EndProject
Project("{FAE04EC0-301F-11D3-BF4B-00C04F79EFBC}") = "mvcbroswervalidate", "mvcbroswervalidate\mvcbroswervalidate.csproj", "{ACC7A4F3-C190-4BEA-9DA1-46F25F197B9C}"
EndProject
Project("{FAE04EC0-301F-11D3-BF4B-00C04F79EFBC}") = "Filterdemo", "Filterdemo\Filterdemo.csproj", "{BC3623FE-889C-46DF-BB50-FD0A42661DC7}"
EndProject
Global
	GlobalSection(SolutionConfigurationPlatforms) = preSolution
		Debug|Any CPU = Debug|Any CPU
		Release|Any CPU = Release|Any CPU
	EndGlobalSection
	GlobalSection(ProjectConfigurationPlatforms) = postSolution
		{4C01A27D-C74B-41C4-AC8B-27BE459D1F9A}.Debug|Any CPU.ActiveCfg = Debug|Any CPU
		{4C01A27D-C74B-41C4-AC8B-27BE459D1F9A}.Debug|Any CPU.Build.0 = Debug|Any CPU
		{4C01A27D-C74B-41C4-AC8B-27BE459D1F9A}.Release|Any CPU.ActiveCfg = Release|Any CPU
		{4C01A27D-C74B-41C4-AC8B-27BE459D1F9A}.Release|Any CPU.Build.0 = Release|Any CPU
		{CC0C5CCF-5380-415B-998B-894D51C62FDE}.Debug|Any CPU.ActiveCfg = Debug|Any CPU
		{CC0C5CCF-5380-415B-998B-894D51C62FDE}.Debug|Any CPU.Build.0 = Debug|Any CPU
		{CC0C5CCF-5380-415B-998B-894D51C62FDE}.Release|Any CPU.ActiveCfg = Release|Any CPU
		{CC0C5CCF-5380-415B-998B-894D51C62FDE}.Release|Any CPU.Build.0 = Release|Any CPU
		{1864FE13-3FD5-4008-8FE1-04D5A4B7C276}.Debug|Any CPU.ActiveCfg = Debug|Any CPU
		{1864FE13-3FD5-4008-8FE1-04D5A4B7C276}.Debug|Any CPU.Build.0 = Debug|Any CPU
		{1864FE13-3FD5-4008-8FE1-04D5A4B7C276}.Release|Any CPU.ActiveCfg = Release|Any CPU
		{1864FE13-3FD5-4008-8FE1-04D5A4B7C276}.Release|Any CPU.Build.0 = Release|Any CPU
		{0AA80CB4-371C-4491-B638-A56748C42965}.Debug|Any CPU.ActiveCfg = Debug|Any CPU
		{0AA80CB4-371C-4491-B638-A56748C42965}.Debug|Any CPU.Build.0 = Debug|Any CPU
		{0AA80CB4-371C-4491-B638-A56748C42965}.Release|Any CPU.ActiveCfg = Release|Any CPU
		{0AA80CB4-371C-4491-B638-A56748C42965}.Release|Any CPU.Build.0 = Release|Any CPU
		{92E6C018-1DAC-4598-BFB6-7DCDC75B7F3F}.Debug|Any CPU.ActiveCfg = Debug|Any CPU
		{92E6C018-1DAC-4598-BFB6-7DCDC75B7F3F}.Debug|Any CPU.Build.0 = Debug|Any CPU
		{92E6C018-1DAC-4598-BFB6-7DCDC75B7F3F}.Release|Any CPU.ActiveCfg = Release|Any CPU
		{92E6C018-1DAC-4598-BFB6-7DCDC75B7F3F}.Release|Any CPU.Build.0 = Release|Any CPU
		{7227A660-FDD7-4983-8921-F4B33AD56FF7}.Debug|Any CPU.ActiveCfg = Debug|Any CPU
		{7227A660-FDD7-4983-8921-F4B33AD56FF7}.Debug|Any CPU.Build.0 = Debug|Any CPU
		{7227A660-FDD7-4983-8921-F4B33AD56FF7}.Release|Any CPU.ActiveCfg = Release|Any CPU
		{7227A660-FDD7-4983-8921-F4B33AD56FF7}.Release|Any CPU.Build.0 = Release|Any CPU
		{F4EAACA0-5A24-4DD3-BBE2-4FACB7BA293F}.Debug|Any CPU.ActiveCfg = Debug|Any CPU
		{F4EAACA0-5A24-4DD3-BBE2-4FACB7BA293F}.Debug|Any CPU.Build.0 = Debug|Any CPU
		{F4EAACA0-5A24-4DD3-BBE2-4FACB7BA293F}.Release|Any CPU.ActiveCfg = Release|Any CPU
		{F4EAACA0-5A24-4DD3-BBE2-4FACB7BA293F}.Release|Any CPU.Build.0 = Release|Any CPU
		{ACC7A4F3-C190-4BEA-9DA1-46F25F197B9C}.Debug|Any CPU.ActiveCfg = Debug|Any CPU
		{ACC7A4F3-C190-4BEA-9DA1-46F25F197B9C}.Debug|Any CPU.Build.0 = Debug|Any CPU
		{ACC7A4F3-C190-4BEA-9DA1-46F25F197B9C}.Release|Any CPU.ActiveCfg = Release|Any CPU
		{ACC7A4F3-C190-4BEA-9DA1-46F25F197B9C}.Release|Any CPU.Build.0 = Release|Any CPU
		{BC3623FE-889C-46DF-BB50-FD0A42661DC7}.Debug|Any CPU.ActiveCfg = Debug|Any CPU
		{BC3623FE-889C-46DF-BB50-FD0A42661DC7}.Debug|Any CPU.Build.0 = Debug|Any CPU
		{BC3623FE-889C-46DF-BB50-FD0A42661DC7}.Release|Any CPU.ActiveCfg = Release|Any CPU
		{BC3623FE-889C-46DF-BB50-FD0A42661DC7}.Release|Any CPU.Build.0 = Release|Any CPU
	EndGlobalSection
	GlobalSection(SolutionProperties) = preSolution
		HideSolutionNode = FALSE
	EndGlobalSection
EndGlobal
